
Microsoft Visual Studio Solution File, Format Version 12.00
# Visual Studio Version 16
VisualStudioVersion = 16.0.30611.23
MinimumVisualStudioVersion = 10.0.40219.1
Project("{FAE04EC0-301F-11D3-BF4B-00C04F79EFBC}") = "StresserClient", "StresserClient.csproj", "{3F26B35F-D7FD-4002-A8BB-00164DEDEA53}"
EndProject
Global
	GlobalSection(SolutionConfigurationPlatforms) = preSolution
		Debug|Any CPU = Debug|Any CPU
		Release|Any CPU = Release|Any CPU
	EndGlobalSection
	GlobalSection(ProjectConfigurationPlatforms) = postSolution
		{3F26B35F-D7FD-4002-A8BB-00164DEDEA53}.Debug|Any CPU.ActiveCfg = Debug|Any CPU
		{3F26B35F-D7FD-4002-A8BB-00164DEDEA53}.Debug|Any CPU.Build.0 = Debug|Any CPU
		{3F26B35F-D7FD-4002-A8BB-00164DEDEA53}.Release|Any CPU.ActiveCfg = Release|Any CPU
		{3F26B35F-D7FD-4002-A8BB-00164DEDEA53}.Release|Any CPU.Build.0 = Release|Any CPU
	EndGlobalSection
	GlobalSection(SolutionProperties) = preSolution
		HideSolutionNode = FALSE
	EndGlobalSection
	GlobalSection(ExtensibilityGlobals) = postSolution
		SolutionGuid = {BD431A83-BA73-4AA4-800E-CC8F4A3EC65D}
	EndGlobalSection
EndGlobal
